
Microsoft Visual Studio Solution File, Format Version 12.00
# Visual Studio Version 16
VisualStudioVersion = 16.0.29209.62
MinimumVisualStudioVersion = 10.0.40219.1
Project("{9A19103F-16F7-4668-BE54-9A1E7A4F7556}") = "TrueNorthBackoffice", "TrueNorthBackoffice\TrueNorthBackoffice.csproj", "{05E458EB-8C3A-49A6-8B85-051134B9E68A}"
EndProject
Project("{FAE04EC0-301F-11D3-BF4B-00C04F79EFBC}") = "Library", "Library\Library.csproj", "{A06DDA2A-0C91-4090-84EE-0C99490F263A}"
EndProject
Global
	GlobalSection(SolutionConfigurationPlatforms) = preSolution
		Debug|Any CPU = Debug|Any CPU
		Release|Any CPU = Release|Any CPU
	EndGlobalSection
	GlobalSection(ProjectConfigurationPlatforms) = postSolution
		{05E458EB-8C3A-49A6-8B85-051134B9E68A}.Debug|Any CPU.ActiveCfg = Debug|Any CPU
		{05E458EB-8C3A-49A6-8B85-051134B9E68A}.Debug|Any CPU.Build.0 = Debug|Any CPU
		{05E458EB-8C3A-49A6-8B85-051134B9E68A}.Release|Any CPU.ActiveCfg = Release|Any CPU
		{05E458EB-8C3A-49A6-8B85-051134B9E68A}.Release|Any CPU.Build.0 = Release|Any CPU
		{A06DDA2A-0C91-4090-84EE-0C99490F263A}.Debug|Any CPU.ActiveCfg = Debug|Any CPU
		{A06DDA2A-0C91-4090-84EE-0C99490F263A}.Debug|Any CPU.Build.0 = Debug|Any CPU
		{A06DDA2A-0C91-4090-84EE-0C99490F263A}.Release|Any CPU.ActiveCfg = Release|Any CPU
		{A06DDA2A-0C91-4090-84EE-0C99490F263A}.Release|Any CPU.Build.0 = Release|Any CPU
	EndGlobalSection
	GlobalSection(SolutionProperties) = preSolution
		HideSolutionNode = FALSE
	EndGlobalSection
	GlobalSection(ExtensibilityGlobals) = postSolution
		SolutionGuid = {D9DCC404-FD7B-4EA7-89EF-A728D52029DA}
	EndGlobalSection
EndGlobal
